
Microsoft Visual Studio Solution File, Format Version 12.00
# Visual Studio 14
VisualStudioVersion = 14.0.23107.0
MinimumVisualStudioVersion = 10.0.40219.1
Project("{FAE04EC0-301F-11D3-BF4B-00C04F79EFBC}") = "Start3D", "Start3D\Start3D.csproj", "{23AED2DB-3593-43E4-9C12-F0C737332BDD}"
EndProject
Project("{FAE04EC0-301F-11D3-BF4B-00C04F79EFBC}") = "D3", "D3\D3.csproj", "{21AC885D-EBC5-498D-92F2-78DA9BC7581C}"
EndProject
Global
	GlobalSection(SolutionConfigurationPlatforms) = preSolution
		Debug|Any CPU = Debug|Any CPU
		Release|Any CPU = Release|Any CPU
	EndGlobalSection
	GlobalSection(ProjectConfigurationPlatforms) = postSolution
		{23AED2DB-3593-43E4-9C12-F0C737332BDD}.Debug|Any CPU.ActiveCfg = Debug|Any CPU
		{23AED2DB-3593-43E4-9C12-F0C737332BDD}.Debug|Any CPU.Build.0 = Debug|Any CPU
		{23AED2DB-3593-43E4-9C12-F0C737332BDD}.Release|Any CPU.ActiveCfg = Release|Any CPU
		{23AED2DB-3593-43E4-9C12-F0C737332BDD}.Release|Any CPU.Build.0 = Release|Any CPU
		{21AC885D-EBC5-498D-92F2-78DA9BC7581C}.Debug|Any CPU.ActiveCfg = Debug|Any CPU
		{21AC885D-EBC5-498D-92F2-78DA9BC7581C}.Debug|Any CPU.Build.0 = Debug|Any CPU
		{21AC885D-EBC5-498D-92F2-78DA9BC7581C}.Release|Any CPU.ActiveCfg = Release|Any CPU
		{21AC885D-EBC5-498D-92F2-78DA9BC7581C}.Release|Any CPU.Build.0 = Release|Any CPU
	EndGlobalSection
	GlobalSection(SolutionProperties) = preSolution
		HideSolutionNode = FALSE
	EndGlobalSection
EndGlobal
